// !$*UTF8*$!
{
	archiveVersion = 1;
	classes = {
	};
	objectVersion = 55;
	objects = {

/* Begin PBXBuildFile section */
		240A08EF291C9791001F9221 /* AppDelegate.swift in Sources */ = {isa = PBXBuildFile; fileRef = 240A08EE291C9791001F9221 /* AppDelegate.swift */; };
		240A08F3291C9791001F9221 /* ViewController.swift in Sources */ = {isa = PBXBuildFile; fileRef = 240A08F2291C9791001F9221 /* ViewController.swift */; };
		240A08F6291C9791001F9221 /* Main.storyboard in Resources */ = {isa = PBXBuildFile; fileRef = 240A08F4291C9791001F9221 /* Main.storyboard */; };
		240A08F8291C9793001F9221 /* Assets.xcassets in Resources */ = {isa = PBXBuildFile; fileRef = 240A08F7291C9793001F9221 /* Assets.xcassets */; };
		240A08FB291C9793001F9221 /* LaunchScreen.storyboard in Resources */ = {isa = PBXBuildFile; fileRef = 240A08F9291C9793001F9221 /* LaunchScreen.storyboard */; };
		240A0904291CA60C001F9221 /* BKLine.framework in Frameworks */ = {isa = PBXBuildFile; fileRef = 240A0903291CA60C001F9221 /* BKLine.framework */; };
		240A0905291CA60C001F9221 /* BKLine.framework in Embed Frameworks */ = {isa = PBXBuildFile; fileRef = 240A0903291CA60C001F9221 /* BKLine.framework */; settings = {ATTRIBUTES = (CodeSignOnCopy, RemoveHeadersOnCopy, ); }; };
		240A0908291CC131001F9221 /* kline-sample.json in Resources */ = {isa = PBXBuildFile; fileRef = 240A0907291CC131001F9221 /* kline-sample.json */; };
		240A090A291CC2F8001F9221 /* Utils.swift in Sources */ = {isa = PBXBuildFile; fileRef = 240A0909291CC2F8001F9221 /* Utils.swift */; };
		24B5BD1729C736D9004542A2 /* kline-sample-bk-eth-1h.json in Resources */ = {isa = PBXBuildFile; fileRef = 24B5BD1629C736D9004542A2 /* kline-sample-bk-eth-1h.json */; };
		24B5BD1929C738B4004542A2 /* BKLineChartOriginalItem.swift in Sources */ = {isa = PBXBuildFile; fileRef = 24B5BD1829C738B3004542A2 /* BKLineChartOriginalItem.swift */; };
		24CC731A29C35C1200921A17 /* TradingViewPortraitController.swift in Sources */ = {isa = PBXBuildFile; fileRef = 24CC731929C35C1200921A17 /* TradingViewPortraitController.swift */; };
		37FBF63186F5A5A9D8F639B0 /* libPods-BKLineSample.a in Frameworks */ = {isa = PBXBuildFile; fileRef = D2E06CFD747D9681729E7F89 /* libPods-BKLineSample.a */; };
/* End PBXBuildFile section */

/* Begin PBXCopyFilesBuildPhase section */
		240A0906291CA60C001F9221 /* Embed Frameworks */ = {
			isa = PBXCopyFilesBuildPhase;
			buildActionMask = 2147483647;
			dstPath = "";
			dstSubfolderSpec = 10;
			files = (
				240A0905291CA60C001F9221 /* BKLine.framework in Embed Frameworks */,
			);
			name = "Embed Frameworks";
			runOnlyForDeploymentPostprocessing = 0;
		};
/* End PBXCopyFilesBuildPhase section */

/* Begin PBXFileReference section */
		11BB7DAF7FD821ED4DC8D00C /* Pods-BKLineSample.release.xcconfig */ = {isa = PBXFileReference; includeInIndex = 1; lastKnownFileType = text.xcconfig; name = "Pods-BKLineSample.release.xcconfig"; path = "Target Support Files/Pods-BKLineSample/Pods-BKLineSample.release.xcconfig"; sourceTree = "<group>"; };
		240A08EB291C9791001F9221 /* BKLineSample.app */ = {isa = PBXFileReference; explicitFileType = wrapper.application; includeInIndex = 0; path = BKLineSample.app; sourceTree = BUILT_PRODUCTS_DIR; };
		240A08EE291C9791001F9221 /* AppDelegate.swift */ = {isa = PBXFileReference; lastKnownFileType = sourcecode.swift; path = AppDelegate.swift; sourceTree = "<group>"; };
		240A08F2291C9791001F9221 /* ViewController.swift */ = {isa = PBXFileReference; lastKnownFileType = sourcecode.swift; path = ViewController.swift; sourceTree = "<group>"; };
		240A08F5291C9791001F9221 /* Base */ = {isa = PBXFileReference; lastKnownFileType = file.storyboard; name = Base; path = Base.lproj/Main.storyboard; sourceTree = "<group>"; };
		240A08F7291C9793001F9221 /* Assets.xcassets */ = {isa = PBXFileReference; lastKnownFileType = folder.assetcatalog; path = Assets.xcassets; sourceTree = "<group>"; };
		240A08FA291C9793001F9221 /* Base */ = {isa = PBXFileReference; lastKnownFileType = file.storyboard; name = Base; path = Base.lproj/LaunchScreen.storyboard; sourceTree = "<group>"; };
		240A08FC291C9793001F9221 /* Info.plist */ = {isa = PBXFileReference; lastKnownFileType = text.plist.xml; path = Info.plist; sourceTree = "<group>"; };
		240A0903291CA60C001F9221 /* BKLine.framework */ = {isa = PBXFileReference; explicitFileType = wrapper.framework; path = BKLine.framework; sourceTree = BUILT_PRODUCTS_DIR; };
		240A0907291CC131001F9221 /* kline-sample.json */ = {isa = PBXFileReference; fileEncoding = 4; lastKnownFileType = text.json; path = "kline-sample.json"; sourceTree = "<group>"; };
		240A0909291CC2F8001F9221 /* Utils.swift */ = {isa = PBXFileReference; lastKnownFileType = sourcecode.swift; path = Utils.swift; sourceTree = "<group>"; };
		24B5BD1629C736D9004542A2 /* kline-sample-bk-eth-1h.json */ = {isa = PBXFileReference; lastKnownFileType = text.json; path = "kline-sample-bk-eth-1h.json"; sourceTree = "<group>"; };
		24B5BD1829C738B3004542A2 /* BKLineChartOriginalItem.swift */ = {isa = PBXFileReference; lastKnownFileType = sourcecode.swift; path = BKLineChartOriginalItem.swift; sourceTree = "<group>"; };
		24CC731929C35C1200921A17 /* TradingViewPortraitController.swift */ = {isa = PBXFileReference; lastKnownFileType = sourcecode.swift; path = TradingViewPortraitController.swift; sourceTree = "<group>"; };
		7AFDDDD352A686DE50153A90 /* Pods-BKLineSample.debug.xcconfig */ = {isa = PBXFileReference; includeInIndex = 1; lastKnownFileType = text.xcconfig; name = "Pods-BKLineSample.debug.xcconfig"; path = "Target Support Files/Pods-BKLineSample/Pods-BKLineSample.debug.xcconfig"; sourceTree = "<group>"; };
		D2E06CFD747D9681729E7F89 /* libPods-BKLineSample.a */ = {isa = PBXFileReference; explicitFileType = archive.ar; includeInIndex = 0; path = "libPods-BKLineSample.a"; sourceTree = BUILT_PRODUCTS_DIR; };
/* End PBXFileReference section */

/* Begin PBXFrameworksBuildPhase section */
		240A08E8291C9791001F9221 /* Frameworks */ = {
			isa = PBXFrameworksBuildPhase;
			buildActionMask = 2147483647;
			files = (
				240A0904291CA60C001F9221 /* BKLine.framework in Frameworks */,
				37FBF63186F5A5A9D8F639B0 /* libPods-BKLineSample.a in Frameworks */,
			);
			runOnlyForDeploymentPostprocessing = 0;
		};
/* End PBXFrameworksBuildPhase section */

/* Begin PBXGroup section */
		240A08E2291C9791001F9221 = {
			isa = PBXGroup;
			children = (
				240A08ED291C9791001F9221 /* BKLineSample */,
				240A08EC291C9791001F9221 /* Products */,
				240A0902291CA60C001F9221 /* Frameworks */,
				8E4EA5942875690CD52CC73B /* Pods */,
			);
			sourceTree = "<group>";
		};
		240A08EC291C9791001F9221 /* Products */ = {
			isa = PBXGroup;
			children = (
				240A08EB291C9791001F9221 /* BKLineSample.app */,
			);
			name = Products;
			sourceTree = "<group>";
		};
		240A08ED291C9791001F9221 /* BKLineSample */ = {
			isa = PBXGroup;
			children = (
				240A0907291CC131001F9221 /* kline-sample.json */,
				24B5BD1629C736D9004542A2 /* kline-sample-bk-eth-1h.json */,
				240A08EE291C9791001F9221 /* AppDelegate.swift */,
				240A08F2291C9791001F9221 /* ViewController.swift */,
				24CC731929C35C1200921A17 /* TradingViewPortraitController.swift */,
				240A08F4291C9791001F9221 /* Main.storyboard */,
				240A08F7291C9793001F9221 /* Assets.xcassets */,
				240A08F9291C9793001F9221 /* LaunchScreen.storyboard */,
				240A08FC291C9793001F9221 /* Info.plist */,
				240A0909291CC2F8001F9221 /* Utils.swift */,
				24B5BD1829C738B3004542A2 /* BKLineChartOriginalItem.swift */,
			);
			path = BKLineSample;
			sourceTree = "<group>";
		};
		240A0902291CA60C001F9221 /* Frameworks */ = {
			isa = PBXGroup;
			children = (
				240A0903291CA60C001F9221 /* BKLine.framework */,
				D2E06CFD747D9681729E7F89 /* libPods-BKLineSample.a */,
			);
			name = Frameworks;
			sourceTree = "<group>";
		};
		8E4EA5942875690CD52CC73B /* Pods */ = {
			isa = PBXGroup;
			children = (
				7AFDDDD352A686DE50153A90 /* Pods-BKLineSample.debug.xcconfig */,
				11BB7DAF7FD821ED4DC8D00C /* Pods-BKLineSample.release.xcconfig */,
			);
			name = Pods;
			path = ../Pods;
			sourceTree = "<group>";
		};
/* End PBXGroup section */

/* Begin PBXNativeTarget section */
		240A08EA291C9791001F9221 /* BKLineSample */ = {
			isa = PBXNativeTarget;
			buildConfigurationList = 240A08FF291C9793001F9221 /* Build configuration list for PBXNativeTarget "BKLineSample" */;
			buildPhases = (
				0D038FBEF259032BA7782E1B /* [CP] Check Pods Manifest.lock */,
				240A08E7291C9791001F9221 /* Sources */,
				240A08E8291C9791001F9221 /* Frameworks */,
				240A08E9291C9791001F9221 /* Resources */,
				240A0906291CA60C001F9221 /* Embed Frameworks */,
				10981FB12DB49B18BF8DE58E /* [CP] Copy Pods Resources */,
			);
			buildRules = (
			);
			dependencies = (
			);
			name = BKLineSample;
			productName = BKLineSample;
			productReference = 240A08EB291C9791001F9221 /* BKLineSample.app */;
			productType = "com.apple.product-type.application";
		};
/* End PBXNativeTarget section */

/* Begin PBXProject section */
		240A08E3291C9791001F9221 /* Project object */ = {
			isa = PBXProject;
			attributes = {
				BuildIndependentTargetsInParallel = 1;
				LastSwiftUpdateCheck = 1400;
				LastUpgradeCheck = 1400;
				TargetAttributes = {
					240A08EA291C9791001F9221 = {
						CreatedOnToolsVersion = 14.0.1;
					};
				};
			};
			buildConfigurationList = 240A08E6291C9791001F9221 /* Build configuration list for PBXProject "BKLineSample" */;
			compatibilityVersion = "Xcode 13.0";
			developmentRegion = en;
			hasScannedForEncodings = 0;
			knownRegions = (
				en,
				Base,
			);
			mainGroup = 240A08E2291C9791001F9221;
			productRefGroup = 240A08EC291C9791001F9221 /* Products */;
			projectDirPath = "";
			projectRoot = "";
			targets = (
				240A08EA291C9791001F9221 /* BKLineSample */,
			);
		};
/* End PBXProject section */

/* Begin PBXResourcesBuildPhase section */
		240A08E9291C9791001F9221 /* Resources */ = {
			isa = PBXResourcesBuildPhase;
			buildActionMask = 2147483647;
			files = (
				240A08FB291C9793001F9221 /* LaunchScreen.storyboard in Resources */,
				24B5BD1729C736D9004542A2 /* kline-sample-bk-eth-1h.json in Resources */,
				240A08F8291C9793001F9221 /* Assets.xcassets in Resources */,
				240A08F6291C9791001F9221 /* Main.storyboard in Resources */,
				240A0908291CC131001F9221 /* kline-sample.json in Resources */,
			);
			runOnlyForDeploymentPostprocessing = 0;
		};
/* End PBXResourcesBuildPhase section */

/* Begin PBXShellScriptBuildPhase section */
		0D038FBEF259032BA7782E1B /* [CP] Check Pods Manifest.lock */ = {
			isa = PBXShellScriptBuildPhase;
			buildActionMask = 2147483647;
			files = (
			);
			inputFileListPaths = (
			);
			inputPaths = (
				"${PODS_PODFILE_DIR_PATH}/Podfile.lock",
				"${PODS_ROOT}/Manifest.lock",
			);
			name = "[CP] Check Pods Manifest.lock";
			outputFileListPaths = (
			);
			outputPaths = (
				"$(DERIVED_FILE_DIR)/Pods-BKLineSample-checkManifestLockResult.txt",
			);
			runOnlyForDeploymentPostprocessing = 0;
			shellPath = /bin/sh;
			shellScript = "diff \"${PODS_PODFILE_DIR_PATH}/Podfile.lock\" \"${PODS_ROOT}/Manifest.lock\" > /dev/null\nif [ $? != 0 ] ; then\n    # print error to STDERR\n    echo \"error: The sandbox is not in sync with the Podfile.lock. Run 'pod install' or update your CocoaPods installation.\" >&2\n    exit 1\nfi\n# This output is used by Xcode 'outputs' to avoid re-running this script phase.\necho \"SUCCESS\" > \"${SCRIPT_OUTPUT_FILE_0}\"\n";
			showEnvVarsInLog = 0;
		};
		10981FB12DB49B18BF8DE58E /* [CP] Copy Pods Resources */ = {
			isa = PBXShellScriptBuildPhase;
			buildActionMask = 2147483647;
			files = (
			);
			inputFileListPaths = (
				"${PODS_ROOT}/Target Support Files/Pods-BKLineSample/Pods-BKLineSample-resources-${CONFIGURATION}-input-files.xcfilelist",
			);
			name = "[CP] Copy Pods Resources";
			outputFileListPaths = (
				"${PODS_ROOT}/Target Support Files/Pods-BKLineSample/Pods-BKLineSample-resources-${CONFIGURATION}-output-files.xcfilelist",
			);
			runOnlyForDeploymentPostprocessing = 0;
			shellPath = /bin/sh;
			shellScript = "\"${PODS_ROOT}/Target Support Files/Pods-BKLineSample/Pods-BKLineSample-resources.sh\"\n";
			showEnvVarsInLog = 0;
		};
/* End PBXShellScriptBuildPhase section */

/* Begin PBXSourcesBuildPhase section */
		240A08E7291C9791001F9221 /* Sources */ = {
			isa = PBXSourcesBuildPhase;
			buildActionMask = 2147483647;
			files = (
				24B5BD1929C738B4004542A2 /* BKLineChartOriginalItem.swift in Sources */,
				240A08F3291C9791001F9221 /* ViewController.swift in Sources */,
				240A08EF291C9791001F9221 /* AppDelegate.swift in Sources */,
				240A090A291CC2F8001F9221 /* Utils.swift in Sources */,
				24CC731A29C35C1200921A17 /* TradingViewPortraitController.swift in Sources */,
			);
			runOnlyForDeploymentPostprocessing = 0;
		};
/* End PBXSourcesBuildPhase section */

/* Begin PBXVariantGroup section */
		240A08F4291C9791001F9221 /* Main.storyboard */ = {
			isa = PBXVariantGroup;
			children = (
				240A08F5291C9791001F9221 /* Base */,
			);
			name = Main.storyboard;
			sourceTree = "<group>";
		};
		240A08F9291C9793001F9221 /* LaunchScreen.storyboard */ = {
			isa = PBXVariantGroup;
			children = (
				240A08FA291C9793001F9221 /* Base */,
			);
			name = LaunchScreen.storyboard;
			sourceTree = "<group>";
		};
/* End PBXVariantGroup section */

/* Begin XCBuildConfiguration section */
		240A08FD291C9793001F9221 /* Debug */ = {
			isa = XCBuildConfiguration;
			buildSettings = {
				ALWAYS_SEARCH_USER_PATHS = NO;
				CLANG_ANALYZER_NONNULL = YES;
				CLANG_ANALYZER_NUMBER_OBJECT_CONVERSION = YES_AGGRESSIVE;
				CLANG_CXX_LANGUAGE_STANDARD = "gnu++20";
				CLANG_ENABLE_MODULES = YES;
				CLANG_ENABLE_OBJC_ARC = YES;
				CLANG_ENABLE_OBJC_WEAK = YES;
				CLANG_WARN_BLOCK_CAPTURE_AUTORELEASING = YES;
				CLANG_WARN_BOOL_CONVERSION = YES;
				CLANG_WARN_COMMA = YES;
				CLANG_WARN_CONSTANT_CONVERSION = YES;
				CLANG_WARN_DEPRECATED_OBJC_IMPLEMENTATIONS = YES;
				CLANG_WARN_DIRECT_OBJC_ISA_USAGE = YES_ERROR;
				CLANG_WARN_DOCUMENTATION_COMMENTS = YES;
				CLANG_WARN_EMPTY_BODY = YES;
				CLANG_WARN_ENUM_CONVERSION = YES;
				CLANG_WARN_INFINITE_RECURSION = YES;
				CLANG_WARN_INT_CONVERSION = YES;
				CLANG_WARN_NON_LITERAL_NULL_CONVERSION = YES;
				CLANG_WARN_OBJC_IMPLICIT_RETAIN_SELF = YES;
				CLANG_WARN_OBJC_LITERAL_CONVERSION = YES;
				CLANG_WARN_OBJC_ROOT_CLASS = YES_ERROR;
				CLANG_WARN_QUOTED_INCLUDE_IN_FRAMEWORK_HEADER = YES;
				CLANG_WARN_RANGE_LOOP_ANALYSIS = YES;
				CLANG_WARN_STRICT_PROTOTYPES = YES;
				CLANG_WARN_SUSPICIOUS_MOVE = YES;
				CLANG_WARN_UNGUARDED_AVAILABILITY = YES_AGGRESSIVE;
				CLANG_WARN_UNREACHABLE_CODE = YES;
				CLANG_WARN__DUPLICATE_METHOD_MATCH = YES;
				COPY_PHASE_STRIP = NO;
				DEBUG_INFORMATION_FORMAT = dwarf;
				ENABLE_STRICT_OBJC_MSGSEND = YES;
				ENABLE_TESTABILITY = YES;
				GCC_C_LANGUAGE_STANDARD = gnu11;
				GCC_DYNAMIC_NO_PIC = NO;
				GCC_NO_COMMON_BLOCKS = YES;
				GCC_OPTIMIZATION_LEVEL = 0;
				GCC_PREPROCESSOR_DEFINITIONS = (
					"DEBUG=1",
					"$(inherited)",
				);
				GCC_WARN_64_TO_32_BIT_CONVERSION = YES;
				GCC_WARN_ABOUT_RETURN_TYPE = YES_ERROR;
				GCC_WARN_UNDECLARED_SELECTOR = YES;
				GCC_WARN_UNINITIALIZED_AUTOS = YES_AGGRESSIVE;
				GCC_WARN_UNUSED_FUNCTION = YES;
				GCC_WARN_UNUSED_VARIABLE = YES;
				IPHONEOS_DEPLOYMENT_TARGET = 16.0;
				MTL_ENABLE_DEBUG_INFO = INCLUDE_SOURCE;
				MTL_FAST_MATH = YES;
				ONLY_ACTIVE_ARCH = YES;
				SDKROOT = iphoneos;
				SWIFT_ACTIVE_COMPILATION_CONDITIONS = DEBUG;
				SWIFT_OPTIMIZATION_LEVEL = "-Onone";
			};
			name = Debug;
		};
		240A08FE291C9793001F9221 /* Release */ = {
			isa = XCBuildConfiguration;
			buildSettings = {
				ALWAYS_SEARCH_USER_PATHS = NO;
				CLANG_ANALYZER_NONNULL = YES;
				CLANG_ANALYZER_NUMBER_OBJECT_CONVERSION = YES_AGGRESSIVE;
				CLANG_CXX_LANGUAGE_STANDARD = "gnu++20";
				CLANG_ENABLE_MODULES = YES;
				CLANG_ENABLE_OBJC_ARC = YES;
				CLANG_ENABLE_OBJC_WEAK = YES;
				CLANG_WARN_BLOCK_CAPTURE_AUTORELEASING = YES;
				CLANG_WARN_BOOL_CONVERSION = YES;
				CLANG_WARN_COMMA = YES;
				CLANG_WARN_CONSTANT_CONVERSION = YES;
				CLANG_WARN_DEPRECATED_OBJC_IMPLEMENTATIONS = YES;
				CLANG_WARN_DIRECT_OBJC_ISA_USAGE = YES_ERROR;
				CLANG_WARN_DOCUMENTATION_COMMENTS = YES;
				CLANG_WARN_EMPTY_BODY = YES;
				CLANG_WARN_ENUM_CONVERSION = YES;
				CLANG_WARN_INFINITE_RECURSION = YES;
				CLANG_WARN_INT_CONVERSION = YES;
				CLANG_WARN_NON_LITERAL_NULL_CONVERSION = YES;
				CLANG_WARN_OBJC_IMPLICIT_RETAIN_SELF = YES;
				CLANG_WARN_OBJC_LITERAL_CONVERSION = YES;
				CLANG_WARN_OBJC_ROOT_CLASS = YES_ERROR;
				CLANG_WARN_QUOTED_INCLUDE_IN_FRAMEWORK_HEADER = YES;
				CLANG_WARN_RANGE_LOOP_ANALYSIS = YES;
				CLANG_WARN_STRICT_PROTOTYPES = YES;
				CLANG_WARN_SUSPICIOUS_MOVE = YES;
				CLANG_WARN_UNGUARDED_AVAILABILITY = YES_AGGRESSIVE;
				CLANG_WARN_UNREACHABLE_CODE = YES;
				CLANG_WARN__DUPLICATE_METHOD_MATCH = YES;
				COPY_PHASE_STRIP = NO;
				DEBUG_INFORMATION_FORMAT = "dwarf-with-dsym";
				ENABLE_NS_ASSERTIONS = NO;
				ENABLE_STRICT_OBJC_MSGSEND = YES;
				GCC_C_LANGUAGE_STANDARD = gnu11;
				GCC_NO_COMMON_BLOCKS = YES;
				GCC_WARN_64_TO_32_BIT_CONVERSION = YES;
				GCC_WARN_ABOUT_RETURN_TYPE = YES_ERROR;
				GCC_WARN_UNDECLARED_SELECTOR = YES;
				GCC_WARN_UNINITIALIZED_AUTOS = YES_AGGRESSIVE;
				GCC_WARN_UNUSED_FUNCTION = YES;
				GCC_WARN_UNUSED_VARIABLE = YES;
				IPHONEOS_DEPLOYMENT_TARGET = 16.0;
				MTL_ENABLE_DEBUG_INFO = NO;
				MTL_FAST_MATH = YES;
				SDKROOT = iphoneos;
				SWIFT_COMPILATION_MODE = wholemodule;
				SWIFT_OPTIMIZATION_LEVEL = "-O";
				VALIDATE_PRODUCT = YES;
			};
			name = Release;
		};
		240A0900291C9793001F9221 /* Debug */ = {
			isa = XCBuildConfiguration;
			baseConfigurationReference = 7AFDDDD352A686DE50153A90 /* Pods-BKLineSample.debug.xcconfig */;
			buildSettings = {
				ASSETCATALOG_COMPILER_APPICON_NAME = AppIcon;
				ASSETCATALOG_COMPILER_GLOBAL_ACCENT_COLOR_NAME = AccentColor;
				CODE_SIGN_STYLE = Automatic;
				CURRENT_PROJECT_VERSION = 1;
				DEVELOPMENT_TEAM = 2FBYAQQ9MT;
				GENERATE_INFOPLIST_FILE = YES;
				INFOPLIST_FILE = BKLineSample/Info.plist;
				INFOPLIST_KEY_UIApplicationSupportsIndirectInputEvents = YES;
				INFOPLIST_KEY_UILaunchStoryboardName = Main.storyboard;
				INFOPLIST_KEY_UIMainStoryboardFile = Main;
				INFOPLIST_KEY_UISupportedInterfaceOrientations_iPad = "UIInterfaceOrientationPortrait UIInterfaceOrientationPortraitUpsideDown UIInterfaceOrientationLandscapeLeft UIInterfaceOrientationLandscapeRight";
				INFOPLIST_KEY_UISupportedInterfaceOrientations_iPhone = "UIInterfaceOrientationPortrait UIInterfaceOrientationLandscapeLeft UIInterfaceOrientationLandscapeRight";
				LD_RUNPATH_SEARCH_PATHS = (
					"$(inherited)",
					"@executable_path/Frameworks",
				);
				MARKETING_VERSION = 1.0;
				PRODUCT_BUNDLE_IDENTIFIER = com.bkex.base.kline.sample.BKLineSample;
				PRODUCT_NAME = "$(TARGET_NAME)";
				SWIFT_EMIT_LOC_STRINGS = YES;
				SWIFT_VERSION = 5.0;
				TARGETED_DEVICE_FAMILY = "1,2";
			};
			name = Debug;
		};
		240A0901291C9793001F9221 /* Release */ = {
			isa = XCBuildConfiguration;
			baseConfigurationReference = 11BB7DAF7FD821ED4DC8D00C /* Pods-BKLineSample.release.xcconfig */;
			buildSettings = {
				ASSETCATALOG_COMPILER_APPICON_NAME = AppIcon;
				ASSETCATALOG_COMPILER_GLOBAL_ACCENT_COLOR_NAME = AccentColor;
				CODE_SIGN_STYLE = Automatic;
				CURRENT_PROJECT_VERSION = 1;
				DEVELOPMENT_TEAM = 2FBYAQQ9MT;
				GENERATE_INFOPLIST_FILE = YES;
				INFOPLIST_FILE = BKLineSample/Info.plist;
				INFOPLIST_KEY_UIApplicationSupportsIndirectInputEvents = YES;
				INFOPLIST_KEY_UILaunchStoryboardName = Main.storyboard;
				INFOPLIST_KEY_UIMainStoryboardFile = Main;
				INFOPLIST_KEY_UISupportedInterfaceOrientations_iPad = "UIInterfaceOrientationPortrait UIInterfaceOrientationPortraitUpsideDown UIInterfaceOrientationLandscapeLeft UIInterfaceOrientationLandscapeRight";
				INFOPLIST_KEY_UISupportedInterfaceOrientations_iPhone = "UIInterfaceOrientationPortrait UIInterfaceOrientationLandscapeLeft UIInterfaceOrientationLandscapeRight";
				LD_RUNPATH_SEARCH_PATHS = (
					"$(inherited)",
					"@executable_path/Frameworks",
				);
				MARKETING_VERSION = 1.0;
				PRODUCT_BUNDLE_IDENTIFIER = com.bkex.base.kline.sample.BKLineSample;
				PRODUCT_NAME = "$(TARGET_NAME)";
				SWIFT_EMIT_LOC_STRINGS = YES;
				SWIFT_VERSION = 5.0;
				TARGETED_DEVICE_FAMILY = "1,2";
			};
			name = Release;
		};
/* End XCBuildConfiguration section */

/* Begin XCConfigurationList section */
		240A08E6291C9791001F9221 /* Build configuration list for PBXProject "BKLineSample" */ = {
			isa = XCConfigurationList;
			buildConfigurations = (
				240A08FD291C9793001F9221 /* Debug */,
				240A08FE291C9793001F9221 /* Release */,
			);
			defaultConfigurationIsVisible = 0;
			defaultConfigurationName = Release;
		};
		240A08FF291C9793001F9221 /* Build configuration list for PBXNativeTarget "BKLineSample" */ = {
			isa = XCConfigurationList;
			buildConfigurations = (
				240A0900291C9793001F9221 /* Debug */,
				240A0901291C9793001F9221 /* Release */,
			);
			defaultConfigurationIsVisible = 0;
			defaultConfigurationName = Release;
		};
/* End XCConfigurationList section */
	};
	rootObject = 240A08E3291C9791001F9221 /* Project object */;
}
